
Microsoft Visual Studio Solution File, Format Version 12.00
# Visual Studio Version 16
VisualStudioVersion = 16.0.30907.101
MinimumVisualStudioVersion = 10.0.40219.1
Project("{9A19103F-16F7-4668-BE54-9A1E7A4F7556}") = "FrancoTiveronCSCheatSheet", "FrancoTiveronCSCheatSheet\FrancoTiveronCSCheatSheet.csproj", "{F4C5A9F1-5F89-47FB-8ED0-B40E3B005FBE}"
EndProject
Project("{FAE04EC0-301F-11D3-BF4B-00C04F79EFBC}") = "XUnitTests", "XUnitTests\XUnitTests.csproj", "{687AD9F8-ACE3-491D-848D-B1566CF80271}"
EndProject
Global
	GlobalSection(SolutionConfigurationPlatforms) = preSolution
		Debug|Any CPU = Debug|Any CPU
		Release|Any CPU = Release|Any CPU
	EndGlobalSection
	GlobalSection(ProjectConfigurationPlatforms) = postSolution
		{F4C5A9F1-5F89-47FB-8ED0-B40E3B005FBE}.Debug|Any CPU.ActiveCfg = Debug|Any CPU
		{F4C5A9F1-5F89-47FB-8ED0-B40E3B005FBE}.Debug|Any CPU.Build.0 = Debug|Any CPU
		{F4C5A9F1-5F89-47FB-8ED0-B40E3B005FBE}.Release|Any CPU.ActiveCfg = Release|Any CPU
		{F4C5A9F1-5F89-47FB-8ED0-B40E3B005FBE}.Release|Any CPU.Build.0 = Release|Any CPU
		{687AD9F8-ACE3-491D-848D-B1566CF80271}.Debug|Any CPU.ActiveCfg = Debug|Any CPU
		{687AD9F8-ACE3-491D-848D-B1566CF80271}.Debug|Any CPU.Build.0 = Debug|Any CPU
		{687AD9F8-ACE3-491D-848D-B1566CF80271}.Release|Any CPU.ActiveCfg = Release|Any CPU
		{687AD9F8-ACE3-491D-848D-B1566CF80271}.Release|Any CPU.Build.0 = Release|Any CPU
	EndGlobalSection
	GlobalSection(SolutionProperties) = preSolution
		HideSolutionNode = FALSE
	EndGlobalSection
	GlobalSection(ExtensibilityGlobals) = postSolution
		SolutionGuid = {C1C97432-A1CC-4119-81E0-F01D6A077CE7}
	EndGlobalSection
EndGlobal
